
Microsoft Visual Studio Solution File, Format Version 12.00
# Visual Studio Version 16
VisualStudioVersion = 16.0.30804.86
MinimumVisualStudioVersion = 10.0.40219.1
Project("{FAE04EC0-301F-11D3-BF4B-00C04F79EFBC}") = "BookStore.WebApi", "BookStore.WebApi\BookStore.WebApi.csproj", "{C53FF707-CCBB-4484-BF8C-66BBF5941369}"
EndProject
Project("{2150E333-8FDC-42A3-9474-1A3956D46DE8}") = "Core", "Core", "{66351A9E-84B0-42F5-97F1-70E066AD3881}"
EndProject
Project("{2150E333-8FDC-42A3-9474-1A3956D46DE8}") = "Infrastructure", "Infrastructure", "{933313EF-680B-41D3-8058-D807F9CAB11B}"
EndProject
Project("{2150E333-8FDC-42A3-9474-1A3956D46DE8}") = "Presentation", "Presentation", "{7528787B-BEAD-4771-B892-D8773DEAF0F8}"
EndProject
Project("{FAE04EC0-301F-11D3-BF4B-00C04F79EFBC}") = "BookStore.Application", "BookStore.Application\BookStore.Application.csproj", "{C4C930D3-3D07-4ADC-8400-3262A053EB7F}"
EndProject
Project("{FAE04EC0-301F-11D3-BF4B-00C04F79EFBC}") = "BookStore.Domain", "BookStore.Domain\BookStore.Domain.csproj", "{35F1AE54-39E4-4765-98E2-BB97FA35B1B2}"
EndProject
Project("{FAE04EC0-301F-11D3-BF4B-00C04F79EFBC}") = "BookStore.Infrastructure.Persistence", "BookStore.Infrastructure.Persistence\BookStore.Infrastructure.Persistence.csproj", "{F4816815-0A46-42E9-BBB3-8607EE3E2219}"
EndProject
Global
	GlobalSection(SolutionConfigurationPlatforms) = preSolution
		Debug|Any CPU = Debug|Any CPU
		Release|Any CPU = Release|Any CPU
	EndGlobalSection
	GlobalSection(ProjectConfigurationPlatforms) = postSolution
		{C53FF707-CCBB-4484-BF8C-66BBF5941369}.Debug|Any CPU.ActiveCfg = Debug|Any CPU
		{C53FF707-CCBB-4484-BF8C-66BBF5941369}.Debug|Any CPU.Build.0 = Debug|Any CPU
		{C53FF707-CCBB-4484-BF8C-66BBF5941369}.Release|Any CPU.ActiveCfg = Release|Any CPU
		{C53FF707-CCBB-4484-BF8C-66BBF5941369}.Release|Any CPU.Build.0 = Release|Any CPU
		{C4C930D3-3D07-4ADC-8400-3262A053EB7F}.Debug|Any CPU.ActiveCfg = Debug|Any CPU
		{C4C930D3-3D07-4ADC-8400-3262A053EB7F}.Debug|Any CPU.Build.0 = Debug|Any CPU
		{C4C930D3-3D07-4ADC-8400-3262A053EB7F}.Release|Any CPU.ActiveCfg = Release|Any CPU
		{C4C930D3-3D07-4ADC-8400-3262A053EB7F}.Release|Any CPU.Build.0 = Release|Any CPU
		{35F1AE54-39E4-4765-98E2-BB97FA35B1B2}.Debug|Any CPU.ActiveCfg = Debug|Any CPU
		{35F1AE54-39E4-4765-98E2-BB97FA35B1B2}.Debug|Any CPU.Build.0 = Debug|Any CPU
		{35F1AE54-39E4-4765-98E2-BB97FA35B1B2}.Release|Any CPU.ActiveCfg = Release|Any CPU
		{35F1AE54-39E4-4765-98E2-BB97FA35B1B2}.Release|Any CPU.Build.0 = Release|Any CPU
		{F4816815-0A46-42E9-BBB3-8607EE3E2219}.Debug|Any CPU.ActiveCfg = Debug|Any CPU
		{F4816815-0A46-42E9-BBB3-8607EE3E2219}.Debug|Any CPU.Build.0 = Debug|Any CPU
		{F4816815-0A46-42E9-BBB3-8607EE3E2219}.Release|Any CPU.ActiveCfg = Release|Any CPU
		{F4816815-0A46-42E9-BBB3-8607EE3E2219}.Release|Any CPU.Build.0 = Release|Any CPU
	EndGlobalSection
	GlobalSection(SolutionProperties) = preSolution
		HideSolutionNode = FALSE
	EndGlobalSection
	GlobalSection(NestedProjects) = preSolution
		{C53FF707-CCBB-4484-BF8C-66BBF5941369} = {7528787B-BEAD-4771-B892-D8773DEAF0F8}
		{C4C930D3-3D07-4ADC-8400-3262A053EB7F} = {66351A9E-84B0-42F5-97F1-70E066AD3881}
		{35F1AE54-39E4-4765-98E2-BB97FA35B1B2} = {66351A9E-84B0-42F5-97F1-70E066AD3881}
		{F4816815-0A46-42E9-BBB3-8607EE3E2219} = {933313EF-680B-41D3-8058-D807F9CAB11B}
	EndGlobalSection
	GlobalSection(ExtensibilityGlobals) = postSolution
		SolutionGuid = {4EA2DD57-40D6-4561-9E73-EE524FA52BAE}
	EndGlobalSection
EndGlobal
